# THIS IS AN AUTOGENERATED FILE. DO NOT EDIT THIS FILE DIRECTLY.
# yarn lockfile v1


create-next-app@^13.3.4:
  version "13.3.4"
  resolved "https://registry.npmjs.org/create-next-app/-/create-next-app-13.3.4.tgz"
  integrity sha512-4imE1S9eEAi8n3Y1eDELn0n10bYsoY/OeXo7Uf9IQ9PPvbpWnngc15+rBRHvg/dL2sf+98/9p4XRBEEZjSwULg==
